
Microsoft Visual Studio Solution File, Format Version 12.00
# Visual Studio 15
VisualStudioVersion = 15.0.28307.572
MinimumVisualStudioVersion = 10.0.40219.1
Project("{8BC9CEB8-8B4A-11D0-8D11-00A0C91BC942}") = "cw", "cw\cw.vcxproj", "{0F1E85A8-CDA9-4811-BF22-5604A541B69B}"
EndProject
Global
	GlobalSection(SolutionConfigurationPlatforms) = preSolution
		Debug|x64 = Debug|x64
		Debug|x86 = Debug|x86
		Release|x64 = Release|x64
		Release|x86 = Release|x86
	EndGlobalSection
	GlobalSection(ProjectConfigurationPlatforms) = postSolution
		{0F1E85A8-CDA9-4811-BF22-5604A541B69B}.Debug|x64.ActiveCfg = Debug|x64
		{0F1E85A8-CDA9-4811-BF22-5604A541B69B}.Debug|x64.Build.0 = Debug|x64
		{0F1E85A8-CDA9-4811-BF22-5604A541B69B}.Debug|x86.ActiveCfg = Debug|Win32
		{0F1E85A8-CDA9-4811-BF22-5604A541B69B}.Debug|x86.Build.0 = Debug|Win32
		{0F1E85A8-CDA9-4811-BF22-5604A541B69B}.Release|x64.ActiveCfg = Release|x64
		{0F1E85A8-CDA9-4811-BF22-5604A541B69B}.Release|x64.Build.0 = Release|x64
		{0F1E85A8-CDA9-4811-BF22-5604A541B69B}.Release|x86.ActiveCfg = Release|Win32
		{0F1E85A8-CDA9-4811-BF22-5604A541B69B}.Release|x86.Build.0 = Release|Win32
	EndGlobalSection
	GlobalSection(SolutionProperties) = preSolution
		HideSolutionNode = FALSE
	EndGlobalSection
	GlobalSection(ExtensibilityGlobals) = postSolution
		SolutionGuid = {B1FFEC15-E5BB-45C6-9D82-895403865221}
	EndGlobalSection
EndGlobal
